// !$*UTF8*$!
{
	archiveVersion = 1;
	classes = {
	};
	objectVersion = 46;
	objects = {

/* Begin PBXBuildFile section */
		655F2C481BDA11FE0057A026 /* AppDelegate.swift in Sources */ = {isa = PBXBuildFile; fileRef = 655F2C471BDA11FE0057A026 /* AppDelegate.swift */; };
		655F2C4A1BDA11FE0057A026 /* ViewController.swift in Sources */ = {isa = PBXBuildFile; fileRef = 655F2C491BDA11FE0057A026 /* ViewController.swift */; };
		655F2C4D1BDA11FE0057A026 /* Main.storyboard in Resources */ = {isa = PBXBuildFile; fileRef = 655F2C4B1BDA11FE0057A026 /* Main.storyboard */; };
		655F2C501BDA11FE0057A026 /* MVCoreDataStack.xcdatamodeld in Sources */ = {isa = PBXBuildFile; fileRef = 655F2C4E1BDA11FE0057A026 /* MVCoreDataStack.xcdatamodeld */; };
		655F2C521BDA11FE0057A026 /* Assets.xcassets in Resources */ = {isa = PBXBuildFile; fileRef = 655F2C511BDA11FE0057A026 /* Assets.xcassets */; };
		655F2C551BDA11FE0057A026 /* LaunchScreen.storyboard in Resources */ = {isa = PBXBuildFile; fileRef = 655F2C531BDA11FE0057A026 /* LaunchScreen.storyboard */; };
/* End PBXBuildFile section */

/* Begin PBXFileReference section */
		655F2C441BDA11FE0057A026 /* MVCoreDataStack.app */ = {isa = PBXFileReference; explicitFileType = wrapper.application; includeInIndex = 0; path = MVCoreDataStack.app; sourceTree = BUILT_PRODUCTS_DIR; };
		655F2C471BDA11FE0057A026 /* AppDelegate.swift */ = {isa = PBXFileReference; lastKnownFileType = sourcecode.swift; path = AppDelegate.swift; sourceTree = "<group>"; };
		655F2C491BDA11FE0057A026 /* ViewController.swift */ = {isa = PBXFileReference; lastKnownFileType = sourcecode.swift; path = ViewController.swift; sourceTree = "<group>"; };
		655F2C4C1BDA11FE0057A026 /* Base */ = {isa = PBXFileReference; lastKnownFileType = file.storyboard; name = Base; path = Base.lproj/Main.storyboard; sourceTree = "<group>"; };
		655F2C4F1BDA11FE0057A026 /* MVCoreDataStack.xcdatamodel */ = {isa = PBXFileReference; lastKnownFileType = wrapper.xcdatamodel; path = MVCoreDataStack.xcdatamodel; sourceTree = "<group>"; };
		655F2C511BDA11FE0057A026 /* Assets.xcassets */ = {isa = PBXFileReference; lastKnownFileType = folder.assetcatalog; path = Assets.xcassets; sourceTree = "<group>"; };
		655F2C541BDA11FE0057A026 /* Base */ = {isa = PBXFileReference; lastKnownFileType = file.storyboard; name = Base; path = Base.lproj/LaunchScreen.storyboard; sourceTree = "<group>"; };
		655F2C561BDA11FE0057A026 /* Info.plist */ = {isa = PBXFileReference; lastKnownFileType = text.plist.xml; path = Info.plist; sourceTree = "<group>"; };
/* End PBXFileReference section */

/* Begin PBXFrameworksBuildPhase section */
		655F2C411BDA11FE0057A026 /* Frameworks */ = {
			isa = PBXFrameworksBuildPhase;
			buildActionMask = 2147483647;
			files = (
			);
			runOnlyForDeploymentPostprocessing = 0;
		};
/* End PBXFrameworksBuildPhase section */

/* Begin PBXGroup section */
		655F2C3B1BDA11FE0057A026 = {
			isa = PBXGroup;
			children = (
				655F2C461BDA11FE0057A026 /* MVCoreDataStack */,
				655F2C451BDA11FE0057A026 /* Products */,
			);
			sourceTree = "<group>";
		};
		655F2C451BDA11FE0057A026 /* Products */ = {
			isa = PBXGroup;
			children = (
				655F2C441BDA11FE0057A026 /* MVCoreDataStack.app */,
			);
			name = Products;
			sourceTree = "<group>";
		};
		655F2C461BDA11FE0057A026 /* MVCoreDataStack */ = {
			isa = PBXGroup;
			children = (
				655F2C471BDA11FE0057A026 /* AppDelegate.swift */,
				655F2C491BDA11FE0057A026 /* ViewController.swift */,
				655F2C4B1BDA11FE0057A026 /* Main.storyboard */,
				655F2C511BDA11FE0057A026 /* Assets.xcassets */,
				655F2C531BDA11FE0057A026 /* LaunchScreen.storyboard */,
				655F2C561BDA11FE0057A026 /* Info.plist */,
				655F2C4E1BDA11FE0057A026 /* MVCoreDataStack.xcdatamodeld */,
			);
			path = MVCoreDataStack;
			sourceTree = "<group>";
		};
/* End PBXGroup section */

/* Begin PBXNativeTarget section */
		655F2C431BDA11FE0057A026 /* MVCoreDataStack */ = {
			isa = PBXNativeTarget;
			buildConfigurationList = 655F2C591BDA11FE0057A026 /* Build configuration list for PBXNativeTarget "MVCoreDataStack" */;
			buildPhases = (
				655F2C401BDA11FE0057A026 /* Sources */,
				655F2C411BDA11FE0057A026 /* Frameworks */,
				655F2C421BDA11FE0057A026 /* Resources */,
			);
			buildRules = (
			);
			dependencies = (
			);
			name = MVCoreDataStack;
			productName = MVCoreDataStack;
			productReference = 655F2C441BDA11FE0057A026 /* MVCoreDataStack.app */;
			productType = "com.apple.product-type.application";
		};
/* End PBXNativeTarget section */

/* Begin PBXProject section */
		655F2C3C1BDA11FE0057A026 /* Project object */ = {
			isa = PBXProject;
			attributes = {
				LastUpgradeCheck = 0700;
				ORGANIZATIONNAME = musevisions;
				TargetAttributes = {
					655F2C431BDA11FE0057A026 = {
						CreatedOnToolsVersion = 7.0.1;
					};
				};
			};
			buildConfigurationList = 655F2C3F1BDA11FE0057A026 /* Build configuration list for PBXProject "MVCoreDataStack" */;
			compatibilityVersion = "Xcode 3.2";
			developmentRegion = English;
			hasScannedForEncodings = 0;
			knownRegions = (
				en,
				Base,
			);
			mainGroup = 655F2C3B1BDA11FE0057A026;
			productRefGroup = 655F2C451BDA11FE0057A026 /* Products */;
			projectDirPath = "";
			projectRoot = "";
			targets = (
				655F2C431BDA11FE0057A026 /* MVCoreDataStack */,
			);
		};
/* End PBXProject section */

/* Begin PBXResourcesBuildPhase section */
		655F2C421BDA11FE0057A026 /* Resources */ = {
			isa = PBXResourcesBuildPhase;
			buildActionMask = 2147483647;
			files = (
				655F2C551BDA11FE0057A026 /* LaunchScreen.storyboard in Resources */,
				655F2C521BDA11FE0057A026 /* Assets.xcassets in Resources */,
				655F2C4D1BDA11FE0057A026 /* Main.storyboard in Resources */,
			);
			runOnlyForDeploymentPostprocessing = 0;
		};
/* End PBXResourcesBuildPhase section */

/* Begin PBXSourcesBuildPhase section */
		655F2C401BDA11FE0057A026 /* Sources */ = {
			isa = PBXSourcesBuildPhase;
			buildActionMask = 2147483647;
			files = (
				655F2C501BDA11FE0057A026 /* MVCoreDataStack.xcdatamodeld in Sources */,
				655F2C4A1BDA11FE0057A026 /* ViewController.swift in Sources */,
				655F2C481BDA11FE0057A026 /* AppDelegate.swift in Sources */,
			);
			runOnlyForDeploymentPostprocessing = 0;
		};
/* End PBXSourcesBuildPhase section */

/* Begin PBXVariantGroup section */
		655F2C4B1BDA11FE0057A026 /* Main.storyboard */ = {
			isa = PBXVariantGroup;
			children = (
				655F2C4C1BDA11FE0057A026 /* Base */,
			);
			name = Main.storyboard;
			sourceTree = "<group>";
		};
		655F2C531BDA11FE0057A026 /* LaunchScreen.storyboard */ = {
			isa = PBXVariantGroup;
			children = (
				655F2C541BDA11FE0057A026 /* Base */,
			);
			name = LaunchScreen.storyboard;
			sourceTree = "<group>";
		};
/* End PBXVariantGroup section */

/* Begin XCBuildConfiguration section */
		655F2C571BDA11FE0057A026 /* Debug */ = {
			isa = XCBuildConfiguration;
			buildSettings = {
				ALWAYS_SEARCH_USER_PATHS = NO;
				CLANG_CXX_LANGUAGE_STANDARD = "gnu++0x";
				CLANG_CXX_LIBRARY = "libc++";
				CLANG_ENABLE_MODULES = YES;
				CLANG_ENABLE_OBJC_ARC = YES;
				CLANG_WARN_BOOL_CONVERSION = YES;
				CLANG_WARN_CONSTANT_CONVERSION = YES;
				CLANG_WARN_DIRECT_OBJC_ISA_USAGE = YES_ERROR;
				CLANG_WARN_EMPTY_BODY = YES;
				CLANG_WARN_ENUM_CONVERSION = YES;
				CLANG_WARN_INT_CONVERSION = YES;
				CLANG_WARN_OBJC_ROOT_CLASS = YES_ERROR;
				CLANG_WARN_UNREACHABLE_CODE = YES;
				CLANG_WARN__DUPLICATE_METHOD_MATCH = YES;
				"CODE_SIGN_IDENTITY[sdk=iphoneos*]" = "iPhone Developer";
				COPY_PHASE_STRIP = NO;
				DEBUG_INFORMATION_FORMAT = dwarf;
				ENABLE_STRICT_OBJC_MSGSEND = YES;
				ENABLE_TESTABILITY = YES;
				GCC_C_LANGUAGE_STANDARD = gnu99;
				GCC_DYNAMIC_NO_PIC = NO;
				GCC_NO_COMMON_BLOCKS = YES;
				GCC_OPTIMIZATION_LEVEL = 0;
				GCC_PREPROCESSOR_DEFINITIONS = (
					"DEBUG=1",
					"$(inherited)",
				);
				GCC_WARN_64_TO_32_BIT_CONVERSION = YES;
				GCC_WARN_ABOUT_RETURN_TYPE = YES_ERROR;
				GCC_WARN_UNDECLARED_SELECTOR = YES;
				GCC_WARN_UNINITIALIZED_AUTOS = YES_AGGRESSIVE;
				GCC_WARN_UNUSED_FUNCTION = YES;
				GCC_WARN_UNUSED_VARIABLE = YES;
				IPHONEOS_DEPLOYMENT_TARGET = 9.0;
				MTL_ENABLE_DEBUG_INFO = YES;
				ONLY_ACTIVE_ARCH = YES;
				SDKROOT = iphoneos;
				SWIFT_OPTIMIZATION_LEVEL = "-Onone";
			};
			name = Debug;
		};
		655F2C581BDA11FE0057A026 /* Release */ = {
			isa = XCBuildConfiguration;
			buildSettings = {
				ALWAYS_SEARCH_USER_PATHS = NO;
				CLANG_CXX_LANGUAGE_STANDARD = "gnu++0x";
				CLANG_CXX_LIBRARY = "libc++";
				CLANG_ENABLE_MODULES = YES;
				CLANG_ENABLE_OBJC_ARC = YES;
				CLANG_WARN_BOOL_CONVERSION = YES;
				CLANG_WARN_CONSTANT_CONVERSION = YES;
				CLANG_WARN_DIRECT_OBJC_ISA_USAGE = YES_ERROR;
				CLANG_WARN_EMPTY_BODY = YES;
				CLANG_WARN_ENUM_CONVERSION = YES;
				CLANG_WARN_INT_CONVERSION = YES;
				CLANG_WARN_OBJC_ROOT_CLASS = YES_ERROR;
				CLANG_WARN_UNREACHABLE_CODE = YES;
				CLANG_WARN__DUPLICATE_METHOD_MATCH = YES;
				"CODE_SIGN_IDENTITY[sdk=iphoneos*]" = "iPhone Developer";
				COPY_PHASE_STRIP = NO;
				DEBUG_INFORMATION_FORMAT = "dwarf-with-dsym";
				ENABLE_NS_ASSERTIONS = NO;
				ENABLE_STRICT_OBJC_MSGSEND = YES;
				GCC_C_LANGUAGE_STANDARD = gnu99;
				GCC_NO_COMMON_BLOCKS = YES;
				GCC_WARN_64_TO_32_BIT_CONVERSION = YES;
				GCC_WARN_ABOUT_RETURN_TYPE = YES_ERROR;
				GCC_WARN_UNDECLARED_SELECTOR = YES;
				GCC_WARN_UNINITIALIZED_AUTOS = YES_AGGRESSIVE;
				GCC_WARN_UNUSED_FUNCTION = YES;
				GCC_WARN_UNUSED_VARIABLE = YES;
				IPHONEOS_DEPLOYMENT_TARGET = 9.0;
				MTL_ENABLE_DEBUG_INFO = NO;
				SDKROOT = iphoneos;
				VALIDATE_PRODUCT = YES;
			};
			name = Release;
		};
		655F2C5A1BDA11FE0057A026 /* Debug */ = {
			isa = XCBuildConfiguration;
			buildSettings = {
				ASSETCATALOG_COMPILER_APPICON_NAME = AppIcon;
				INFOPLIST_FILE = MVCoreDataStack/Info.plist;
				LD_RUNPATH_SEARCH_PATHS = "$(inherited) @executable_path/Frameworks";
				PRODUCT_BUNDLE_IDENTIFIER = com.musevisions.iOS.MVCoreDataStack;
				PRODUCT_NAME = "$(TARGET_NAME)";
			};
			name = Debug;
		};
		655F2C5B1BDA11FE0057A026 /* Release */ = {
			isa = XCBuildConfiguration;
			buildSettings = {
				ASSETCATALOG_COMPILER_APPICON_NAME = AppIcon;
				INFOPLIST_FILE = MVCoreDataStack/Info.plist;
				LD_RUNPATH_SEARCH_PATHS = "$(inherited) @executable_path/Frameworks";
				PRODUCT_BUNDLE_IDENTIFIER = com.musevisions.iOS.MVCoreDataStack;
				PRODUCT_NAME = "$(TARGET_NAME)";
			};
			name = Release;
		};
/* End XCBuildConfiguration section */

/* Begin XCConfigurationList section */
		655F2C3F1BDA11FE0057A026 /* Build configuration list for PBXProject "MVCoreDataStack" */ = {
			isa = XCConfigurationList;
			buildConfigurations = (
				655F2C571BDA11FE0057A026 /* Debug */,
				655F2C581BDA11FE0057A026 /* Release */,
			);
			defaultConfigurationIsVisible = 0;
			defaultConfigurationName = Release;
		};
		655F2C591BDA11FE0057A026 /* Build configuration list for PBXNativeTarget "MVCoreDataStack" */ = {
			isa = XCConfigurationList;
			buildConfigurations = (
				655F2C5A1BDA11FE0057A026 /* Debug */,
				655F2C5B1BDA11FE0057A026 /* Release */,
			);
			defaultConfigurationIsVisible = 0;
		};
/* End XCConfigurationList section */

/* Begin XCVersionGroup section */
		655F2C4E1BDA11FE0057A026 /* MVCoreDataStack.xcdatamodeld */ = {
			isa = XCVersionGroup;
			children = (
				655F2C4F1BDA11FE0057A026 /* MVCoreDataStack.xcdatamodel */,
			);
			currentVersion = 655F2C4F1BDA11FE0057A026 /* MVCoreDataStack.xcdatamodel */;
			path = MVCoreDataStack.xcdatamodeld;
			sourceTree = "<group>";
			versionGroupType = wrapper.xcdatamodel;
		};
/* End XCVersionGroup section */
	};
	rootObject = 655F2C3C1BDA11FE0057A026 /* Project object */;
}
